
Microsoft Visual Studio Solution File, Format Version 12.00
# Visual Studio Version 17
VisualStudioVersion = 17.1.32319.34
MinimumVisualStudioVersion = 10.0.40219.1
Project("{9A19103F-16F7-4668-BE54-9A1E7A4F7556}") = "PW3-2022-1C-Clase-1.Consola", "PW3-2022-1C-Clase-1.Consola\PW3-2022-1C-Clase-1.Consola.csproj", "{3B451271-4330-405E-B4A8-2D083E3D0907}"
EndProject
Project("{FAE04EC0-301F-11D3-BF4B-00C04F79EFBC}") = "PW3-2022-1C-Clase-1.Winforms", "PW3-2022-1C-Clase-1.Winforms\PW3-2022-1C-Clase-1.Winforms.csproj", "{2F45D6C5-606F-43D6-90D0-65CBD3E4C14E}"
EndProject
Project("{FAE04EC0-301F-11D3-BF4B-00C04F79EFBC}") = "PW3-2022-1C-Clase-1.Entidades", "PW3-2022-1C-Clase-1.Entidades\PW3-2022-1C-Clase-1.Entidades.csproj", "{F3BD5B9D-5C9A-4B13-84FF-5DC4E510B497}"
EndProject
Global
	GlobalSection(SolutionConfigurationPlatforms) = preSolution
		Debug|Any CPU = Debug|Any CPU
		Release|Any CPU = Release|Any CPU
	EndGlobalSection
	GlobalSection(ProjectConfigurationPlatforms) = postSolution
		{3B451271-4330-405E-B4A8-2D083E3D0907}.Debug|Any CPU.ActiveCfg = Debug|Any CPU
		{3B451271-4330-405E-B4A8-2D083E3D0907}.Debug|Any CPU.Build.0 = Debug|Any CPU
		{3B451271-4330-405E-B4A8-2D083E3D0907}.Release|Any CPU.ActiveCfg = Release|Any CPU
		{3B451271-4330-405E-B4A8-2D083E3D0907}.Release|Any CPU.Build.0 = Release|Any CPU
		{2F45D6C5-606F-43D6-90D0-65CBD3E4C14E}.Debug|Any CPU.ActiveCfg = Debug|Any CPU
		{2F45D6C5-606F-43D6-90D0-65CBD3E4C14E}.Debug|Any CPU.Build.0 = Debug|Any CPU
		{2F45D6C5-606F-43D6-90D0-65CBD3E4C14E}.Release|Any CPU.ActiveCfg = Release|Any CPU
		{2F45D6C5-606F-43D6-90D0-65CBD3E4C14E}.Release|Any CPU.Build.0 = Release|Any CPU
		{F3BD5B9D-5C9A-4B13-84FF-5DC4E510B497}.Debug|Any CPU.ActiveCfg = Debug|Any CPU
		{F3BD5B9D-5C9A-4B13-84FF-5DC4E510B497}.Debug|Any CPU.Build.0 = Debug|Any CPU
		{F3BD5B9D-5C9A-4B13-84FF-5DC4E510B497}.Release|Any CPU.ActiveCfg = Release|Any CPU
		{F3BD5B9D-5C9A-4B13-84FF-5DC4E510B497}.Release|Any CPU.Build.0 = Release|Any CPU
	EndGlobalSection
	GlobalSection(SolutionProperties) = preSolution
		HideSolutionNode = FALSE
	EndGlobalSection
	GlobalSection(ExtensibilityGlobals) = postSolution
		SolutionGuid = {3ABCDBC6-07D0-4261-A5FE-0B9D3C29AA91}
	EndGlobalSection
EndGlobal
